github.com/tronch0/crypt0 v0.9.0 h1:L1U13PUUfeNp7nOa1I+4kEsLmCszrk77LilZwP0nJqI=
github.com/tronch0/crypt0 v0.9.0/go.mod h1:mth5RZQ1nXE92ZoiTVej2RrfenNCbnfrDRtCe8tr1hE=
github.com/tronch0/crypt0 v0.9.3 h1:/dHUkebQBoTQ2ocMNRXS8rPyUGjlefMXKZbZwVWf9Mk=
github.com/tronch0/crypt0 v0.9.3/go.mod h1:mth5RZQ1nXE92ZoiTVej2RrfenNCbnfrDRtCe8tr1hE=
